
Microsoft Visual Studio Solution File, Format Version 12.00
# Visual Studio Version 16
VisualStudioVersion = 16.0.32407.337
MinimumVisualStudioVersion = 10.0.40219.1
Project("{FAE04EC0-301F-11D3-BF4B-00C04F79EFBC}") = "BattleshipTerminal", "BattleshipTerminal\BattleshipTerminal.csproj", "{B96BA360-3610-4256-BD1D-F2D836FBD68F}"
EndProject
Global
	GlobalSection(SolutionConfigurationPlatforms) = preSolution
		Debug|Any CPU = Debug|Any CPU
		Release|Any CPU = Release|Any CPU
	EndGlobalSection
	GlobalSection(ProjectConfigurationPlatforms) = postSolution
		{B96BA360-3610-4256-BD1D-F2D836FBD68F}.Debug|Any CPU.ActiveCfg = Debug|Any CPU
		{B96BA360-3610-4256-BD1D-F2D836FBD68F}.Debug|Any CPU.Build.0 = Debug|Any CPU
		{B96BA360-3610-4256-BD1D-F2D836FBD68F}.Release|Any CPU.ActiveCfg = Release|Any CPU
		{B96BA360-3610-4256-BD1D-F2D836FBD68F}.Release|Any CPU.Build.0 = Release|Any CPU
	EndGlobalSection
	GlobalSection(SolutionProperties) = preSolution
		HideSolutionNode = FALSE
	EndGlobalSection
	GlobalSection(ExtensibilityGlobals) = postSolution
		SolutionGuid = {64A0EB97-B1A0-408E-82CD-95427FF787EF}
	EndGlobalSection
EndGlobal
